
Microsoft Visual Studio Solution File, Format Version 12.00
# Visual Studio Version 17
VisualStudioVersion = 17.6.33815.320
MinimumVisualStudioVersion = 10.0.40219.1
Project("{9A19103F-16F7-4668-BE54-9A1E7A4F7556}") = "WebEndpoint", "WebEndpoint.csproj", "{C55DF8C7-F758-4F7B-AB4A-2A92F940D4ED}"
EndProject
Project("{2150E333-8FDC-42A3-9474-1A3956D46DE8}") = "services", "services", "{8A3BC51A-BFB4-400C-B754-866015B88047}"
EndProject
Project("{FAE04EC0-301F-11D3-BF4B-00C04F79EFBC}") = "BookAPI", "..\BookAPI\BookAPI.csproj", "{CC095279-614A-402B-BD95-2609367DFECA}"
EndProject
Global
	GlobalSection(SolutionConfigurationPlatforms) = preSolution
		Debug|Any CPU = Debug|Any CPU
		Release|Any CPU = Release|Any CPU
	EndGlobalSection
	GlobalSection(ProjectConfigurationPlatforms) = postSolution
		{C55DF8C7-F758-4F7B-AB4A-2A92F940D4ED}.Debug|Any CPU.ActiveCfg = Debug|Any CPU
		{C55DF8C7-F758-4F7B-AB4A-2A92F940D4ED}.Debug|Any CPU.Build.0 = Debug|Any CPU
		{C55DF8C7-F758-4F7B-AB4A-2A92F940D4ED}.Release|Any CPU.ActiveCfg = Release|Any CPU
		{C55DF8C7-F758-4F7B-AB4A-2A92F940D4ED}.Release|Any CPU.Build.0 = Release|Any CPU
		{CC095279-614A-402B-BD95-2609367DFECA}.Debug|Any CPU.ActiveCfg = Debug|Any CPU
		{CC095279-614A-402B-BD95-2609367DFECA}.Debug|Any CPU.Build.0 = Debug|Any CPU
		{CC095279-614A-402B-BD95-2609367DFECA}.Release|Any CPU.ActiveCfg = Release|Any CPU
		{CC095279-614A-402B-BD95-2609367DFECA}.Release|Any CPU.Build.0 = Release|Any CPU
	EndGlobalSection
	GlobalSection(SolutionProperties) = preSolution
		HideSolutionNode = FALSE
	EndGlobalSection
	GlobalSection(NestedProjects) = preSolution
		{CC095279-614A-402B-BD95-2609367DFECA} = {8A3BC51A-BFB4-400C-B754-866015B88047}
	EndGlobalSection
	GlobalSection(ExtensibilityGlobals) = postSolution
		SolutionGuid = {11CC0787-B5D3-4102-9FF9-27CEB989C7C8}
	EndGlobalSection
EndGlobal
